
Microsoft Visual Studio Solution File, Format Version 12.00
# Visual Studio Version 16
VisualStudioVersion = 16.0.29926.136
MinimumVisualStudioVersion = 10.0.40219.1
Project("{FAE04EC0-301F-11D3-BF4B-00C04F79EFBC}") = "KWZP_2020", "KWZP_2020\KWZP_2020.csproj", "{AE180567-CC0E-48B6-AC97-6DD94A027CFC}"
EndProject
Global
	GlobalSection(SolutionConfigurationPlatforms) = preSolution
		Debug|Any CPU = Debug|Any CPU
		Release|Any CPU = Release|Any CPU
	EndGlobalSection
	GlobalSection(ProjectConfigurationPlatforms) = postSolution
		{AE180567-CC0E-48B6-AC97-6DD94A027CFC}.Debug|Any CPU.ActiveCfg = Debug|Any CPU
		{AE180567-CC0E-48B6-AC97-6DD94A027CFC}.Debug|Any CPU.Build.0 = Debug|Any CPU
		{AE180567-CC0E-48B6-AC97-6DD94A027CFC}.Release|Any CPU.ActiveCfg = Release|Any CPU
		{AE180567-CC0E-48B6-AC97-6DD94A027CFC}.Release|Any CPU.Build.0 = Release|Any CPU
	EndGlobalSection
	GlobalSection(SolutionProperties) = preSolution
		HideSolutionNode = FALSE
	EndGlobalSection
	GlobalSection(ExtensibilityGlobals) = postSolution
		SolutionGuid = {2946C9F9-ABF4-40AC-BB16-895C0F813618}
	EndGlobalSection
EndGlobal
